
Microsoft Visual Studio Solution File, Format Version 12.00
# Visual Studio Version 17
VisualStudioVersion = 17.6.33801.468
MinimumVisualStudioVersion = 10.0.40219.1
Project("{888888A0-9F3D-457C-B088-3A5042F75D52}") = "Tetris Inventory", "Tetris Inventory.pyproj", "{F6CE8DF0-D5AE-4790-9403-1EBA483205F7}"
EndProject
Global
	GlobalSection(SolutionConfigurationPlatforms) = preSolution
		Debug|Any CPU = Debug|Any CPU
		Release|Any CPU = Release|Any CPU
	EndGlobalSection
	GlobalSection(ProjectConfigurationPlatforms) = postSolution
		{F6CE8DF0-D5AE-4790-9403-1EBA483205F7}.Debug|Any CPU.ActiveCfg = Debug|Any CPU
		{F6CE8DF0-D5AE-4790-9403-1EBA483205F7}.Release|Any CPU.ActiveCfg = Release|Any CPU
	EndGlobalSection
	GlobalSection(SolutionProperties) = preSolution
		HideSolutionNode = FALSE
	EndGlobalSection
	GlobalSection(ExtensibilityGlobals) = postSolution
		SolutionGuid = {9E1A71B5-B400-4BB9-8E65-C644222C4F4D}
	EndGlobalSection
EndGlobal
